// !$*UTF8*$!
{
	archiveVersion = 1;
	classes = {
	};
	objectVersion = 56;
	objects = {

/* Begin PBXBuildFile section */
		576701FA2A23626D008A3F67 /* MovieCard.swift in Sources */ = {isa = PBXBuildFile; fileRef = 576701F92A23626D008A3F67 /* MovieCard.swift */; };
		576701FC2A2362F5008A3F67 /* Movie.swift in Sources */ = {isa = PBXBuildFile; fileRef = 576701FB2A2362F5008A3F67 /* Movie.swift */; };
		576702012A24A583008A3F67 /* NetworkService.swift in Sources */ = {isa = PBXBuildFile; fileRef = 576702002A24A583008A3F67 /* NetworkService.swift */; };
		576702042A24A69B008A3F67 /* Alamofire in Frameworks */ = {isa = PBXBuildFile; productRef = 576702032A24A69B008A3F67 /* Alamofire */; };
		576702062A24A964008A3F67 /* Error.swift in Sources */ = {isa = PBXBuildFile; fileRef = 576702052A24A964008A3F67 /* Error.swift */; };
		5767020A2A24AA5F008A3F67 /* String.swift in Sources */ = {isa = PBXBuildFile; fileRef = 576702092A24AA5F008A3F67 /* String.swift */; };
		5767020E2A24AB6E008A3F67 /* UserDefaults.swift in Sources */ = {isa = PBXBuildFile; fileRef = 5767020D2A24AB6E008A3F67 /* UserDefaults.swift */; };
		576702102A24AC30008A3F67 /* AuthRepo.swift in Sources */ = {isa = PBXBuildFile; fileRef = 5767020F2A24AC30008A3F67 /* AuthRepo.swift */; };
		576702132A24B583008A3F67 /* GuestSession.swift in Sources */ = {isa = PBXBuildFile; fileRef = 576702122A24B583008A3F67 /* GuestSession.swift */; };
		99100E442A2280ED00F36FEC /* iTheatApp.swift in Sources */ = {isa = PBXBuildFile; fileRef = 99100E432A2280ED00F36FEC /* iTheatApp.swift */; };
		99100E462A2280ED00F36FEC /* ContentView.swift in Sources */ = {isa = PBXBuildFile; fileRef = 99100E452A2280ED00F36FEC /* ContentView.swift */; };
		99100E482A2280EE00F36FEC /* Assets.xcassets in Resources */ = {isa = PBXBuildFile; fileRef = 99100E472A2280EE00F36FEC /* Assets.xcassets */; };
		99100E4C2A2280EE00F36FEC /* Preview Assets.xcassets in Resources */ = {isa = PBXBuildFile; fileRef = 99100E4B2A2280EE00F36FEC /* Preview Assets.xcassets */; };
		99100E532A22811800F36FEC /* NavBar.swift in Sources */ = {isa = PBXBuildFile; fileRef = 99100E522A22811800F36FEC /* NavBar.swift */; };
/* End PBXBuildFile section */

/* Begin PBXFileReference section */
		576701F92A23626D008A3F67 /* MovieCard.swift */ = {isa = PBXFileReference; lastKnownFileType = sourcecode.swift; path = MovieCard.swift; sourceTree = "<group>"; };
		576701FB2A2362F5008A3F67 /* Movie.swift */ = {isa = PBXFileReference; lastKnownFileType = sourcecode.swift; path = Movie.swift; sourceTree = "<group>"; };
		576702002A24A583008A3F67 /* NetworkService.swift */ = {isa = PBXFileReference; lastKnownFileType = sourcecode.swift; path = NetworkService.swift; sourceTree = "<group>"; };
		576702052A24A964008A3F67 /* Error.swift */ = {isa = PBXFileReference; lastKnownFileType = sourcecode.swift; path = Error.swift; sourceTree = "<group>"; };
		576702092A24AA5F008A3F67 /* String.swift */ = {isa = PBXFileReference; lastKnownFileType = sourcecode.swift; path = String.swift; sourceTree = "<group>"; };
		5767020D2A24AB6E008A3F67 /* UserDefaults.swift */ = {isa = PBXFileReference; lastKnownFileType = sourcecode.swift; path = UserDefaults.swift; sourceTree = "<group>"; };
		5767020F2A24AC30008A3F67 /* AuthRepo.swift */ = {isa = PBXFileReference; lastKnownFileType = sourcecode.swift; path = AuthRepo.swift; sourceTree = "<group>"; };
		576702122A24B583008A3F67 /* GuestSession.swift */ = {isa = PBXFileReference; lastKnownFileType = sourcecode.swift; path = GuestSession.swift; sourceTree = "<group>"; };
		99100E402A2280ED00F36FEC /* iTheat.app */ = {isa = PBXFileReference; explicitFileType = wrapper.application; includeInIndex = 0; path = iTheat.app; sourceTree = BUILT_PRODUCTS_DIR; };
		99100E432A2280ED00F36FEC /* iTheatApp.swift */ = {isa = PBXFileReference; lastKnownFileType = sourcecode.swift; path = iTheatApp.swift; sourceTree = "<group>"; };
		99100E452A2280ED00F36FEC /* ContentView.swift */ = {isa = PBXFileReference; lastKnownFileType = sourcecode.swift; path = ContentView.swift; sourceTree = "<group>"; };
		99100E472A2280EE00F36FEC /* Assets.xcassets */ = {isa = PBXFileReference; lastKnownFileType = folder.assetcatalog; path = Assets.xcassets; sourceTree = "<group>"; };
		99100E492A2280EE00F36FEC /* iTheat.entitlements */ = {isa = PBXFileReference; lastKnownFileType = text.plist.entitlements; path = iTheat.entitlements; sourceTree = "<group>"; };
		99100E4B2A2280EE00F36FEC /* Preview Assets.xcassets */ = {isa = PBXFileReference; lastKnownFileType = folder.assetcatalog; path = "Preview Assets.xcassets"; sourceTree = "<group>"; };
		99100E522A22811800F36FEC /* NavBar.swift */ = {isa = PBXFileReference; lastKnownFileType = sourcecode.swift; path = NavBar.swift; sourceTree = "<group>"; };
/* End PBXFileReference section */

/* Begin PBXFrameworksBuildPhase section */
		99100E3D2A2280ED00F36FEC /* Frameworks */ = {
			isa = PBXFrameworksBuildPhase;
			buildActionMask = 2147483647;
			files = (
				576702042A24A69B008A3F67 /* Alamofire in Frameworks */,
			);
			runOnlyForDeploymentPostprocessing = 0;
		};
/* End PBXFrameworksBuildPhase section */

/* Begin PBXGroup section */
		576701FD2A2362FA008A3F67 /* Models */ = {
			isa = PBXGroup;
			children = (
				576702082A24A976008A3F67 /* remote */,
				576702072A24A970008A3F67 /* local */,
			);
			path = Models;
			sourceTree = "<group>";
		};
		576701FE2A24A4C3008A3F67 /* UserInterface */ = {
			isa = PBXGroup;
			children = (
				99100E432A2280ED00F36FEC /* iTheatApp.swift */,
				99100E452A2280ED00F36FEC /* ContentView.swift */,
				99100E542A22811E00F36FEC /* Components */,
			);
			path = UserInterface;
			sourceTree = "<group>";
		};
		576701FF2A24A563008A3F67 /* Network */ = {
			isa = PBXGroup;
			children = (
				576702002A24A583008A3F67 /* NetworkService.swift */,
				576702112A24AC50008A3F67 /* Repos */,
				576701FD2A2362FA008A3F67 /* Models */,
			);
			path = Network;
			sourceTree = "<group>";
		};
		576702072A24A970008A3F67 /* local */ = {
			isa = PBXGroup;
			children = (
				576702052A24A964008A3F67 /* Error.swift */,
			);
			path = local;
			sourceTree = "<group>";
		};
		576702082A24A976008A3F67 /* remote */ = {
			isa = PBXGroup;
			children = (
				576701FB2A2362F5008A3F67 /* Movie.swift */,
				576702122A24B583008A3F67 /* GuestSession.swift */,
			);
			path = remote;
			sourceTree = "<group>";
		};
		5767020B2A24AA64008A3F67 /* Extensions */ = {
			isa = PBXGroup;
			children = (
				5767020C2A24AA6B008A3F67 /* Foundation */,
			);
			path = Extensions;
			sourceTree = "<group>";
		};
		5767020C2A24AA6B008A3F67 /* Foundation */ = {
			isa = PBXGroup;
			children = (
				576702092A24AA5F008A3F67 /* String.swift */,
				5767020D2A24AB6E008A3F67 /* UserDefaults.swift */,
			);
			path = Foundation;
			sourceTree = "<group>";
		};
		576702112A24AC50008A3F67 /* Repos */ = {
			isa = PBXGroup;
			children = (
				5767020F2A24AC30008A3F67 /* AuthRepo.swift */,
			);
			path = Repos;
			sourceTree = "<group>";
		};
		99100E372A2280ED00F36FEC = {
			isa = PBXGroup;
			children = (
				99100E422A2280ED00F36FEC /* iTheat */,
				99100E412A2280ED00F36FEC /* Products */,
			);
			sourceTree = "<group>";
		};
		99100E412A2280ED00F36FEC /* Products */ = {
			isa = PBXGroup;
			children = (
				99100E402A2280ED00F36FEC /* iTheat.app */,
			);
			name = Products;
			sourceTree = "<group>";
		};
		99100E422A2280ED00F36FEC /* iTheat */ = {
			isa = PBXGroup;
			children = (
				5767020B2A24AA64008A3F67 /* Extensions */,
				576701FE2A24A4C3008A3F67 /* UserInterface */,
				576701FF2A24A563008A3F67 /* Network */,
				99100E472A2280EE00F36FEC /* Assets.xcassets */,
				99100E492A2280EE00F36FEC /* iTheat.entitlements */,
				99100E4A2A2280EE00F36FEC /* Preview Content */,
			);
			path = iTheat;
			sourceTree = "<group>";
		};
		99100E4A2A2280EE00F36FEC /* Preview Content */ = {
			isa = PBXGroup;
			children = (
				99100E4B2A2280EE00F36FEC /* Preview Assets.xcassets */,
			);
			path = "Preview Content";
			sourceTree = "<group>";
		};
		99100E542A22811E00F36FEC /* Components */ = {
			isa = PBXGroup;
			children = (
				99100E522A22811800F36FEC /* NavBar.swift */,
				576701F92A23626D008A3F67 /* MovieCard.swift */,
			);
			path = Components;
			sourceTree = "<group>";
		};
/* End PBXGroup section */

/* Begin PBXNativeTarget section */
		99100E3F2A2280ED00F36FEC /* iTheat */ = {
			isa = PBXNativeTarget;
			buildConfigurationList = 99100E4F2A2280EE00F36FEC /* Build configuration list for PBXNativeTarget "iTheat" */;
			buildPhases = (
				99100E3C2A2280ED00F36FEC /* Sources */,
				99100E3D2A2280ED00F36FEC /* Frameworks */,
				99100E3E2A2280ED00F36FEC /* Resources */,
			);
			buildRules = (
			);
			dependencies = (
			);
			name = iTheat;
			packageProductDependencies = (
				576702032A24A69B008A3F67 /* Alamofire */,
			);
			productName = iTheat;
			productReference = 99100E402A2280ED00F36FEC /* iTheat.app */;
			productType = "com.apple.product-type.application";
		};
/* End PBXNativeTarget section */

/* Begin PBXProject section */
		99100E382A2280ED00F36FEC /* Project object */ = {
			isa = PBXProject;
			attributes = {
				BuildIndependentTargetsInParallel = 1;
				LastSwiftUpdateCheck = 1430;
				LastUpgradeCheck = 1430;
				TargetAttributes = {
					99100E3F2A2280ED00F36FEC = {
						CreatedOnToolsVersion = 14.3;
					};
				};
			};
			buildConfigurationList = 99100E3B2A2280ED00F36FEC /* Build configuration list for PBXProject "iTheat" */;
			compatibilityVersion = "Xcode 14.0";
			developmentRegion = en;
			hasScannedForEncodings = 0;
			knownRegions = (
				en,
				Base,
			);
			mainGroup = 99100E372A2280ED00F36FEC;
			packageReferences = (
				576702022A24A69B008A3F67 /* XCRemoteSwiftPackageReference "Alamofire" */,
			);
			productRefGroup = 99100E412A2280ED00F36FEC /* Products */;
			projectDirPath = "";
			projectRoot = "";
			targets = (
				99100E3F2A2280ED00F36FEC /* iTheat */,
			);
		};
/* End PBXProject section */

/* Begin PBXResourcesBuildPhase section */
		99100E3E2A2280ED00F36FEC /* Resources */ = {
			isa = PBXResourcesBuildPhase;
			buildActionMask = 2147483647;
			files = (
				99100E4C2A2280EE00F36FEC /* Preview Assets.xcassets in Resources */,
				99100E482A2280EE00F36FEC /* Assets.xcassets in Resources */,
			);
			runOnlyForDeploymentPostprocessing = 0;
		};
/* End PBXResourcesBuildPhase section */

/* Begin PBXSourcesBuildPhase section */
		99100E3C2A2280ED00F36FEC /* Sources */ = {
			isa = PBXSourcesBuildPhase;
			buildActionMask = 2147483647;
			files = (
				576701FA2A23626D008A3F67 /* MovieCard.swift in Sources */,
				99100E462A2280ED00F36FEC /* ContentView.swift in Sources */,
				99100E442A2280ED00F36FEC /* iTheatApp.swift in Sources */,
				576702132A24B583008A3F67 /* GuestSession.swift in Sources */,
				99100E532A22811800F36FEC /* NavBar.swift in Sources */,
				576702012A24A583008A3F67 /* NetworkService.swift in Sources */,
				5767020E2A24AB6E008A3F67 /* UserDefaults.swift in Sources */,
				576702062A24A964008A3F67 /* Error.swift in Sources */,
				5767020A2A24AA5F008A3F67 /* String.swift in Sources */,
				576702102A24AC30008A3F67 /* AuthRepo.swift in Sources */,
				576701FC2A2362F5008A3F67 /* Movie.swift in Sources */,
			);
			runOnlyForDeploymentPostprocessing = 0;
		};
/* End PBXSourcesBuildPhase section */

/* Begin XCBuildConfiguration section */
		99100E4D2A2280EE00F36FEC /* Debug */ = {
			isa = XCBuildConfiguration;
			buildSettings = {
				ALWAYS_SEARCH_USER_PATHS = NO;
				CLANG_ANALYZER_NONNULL = YES;
				CLANG_ANALYZER_NUMBER_OBJECT_CONVERSION = YES_AGGRESSIVE;
				CLANG_CXX_LANGUAGE_STANDARD = "gnu++20";
				CLANG_ENABLE_MODULES = YES;
				CLANG_ENABLE_OBJC_ARC = YES;
				CLANG_ENABLE_OBJC_WEAK = YES;
				CLANG_WARN_BLOCK_CAPTURE_AUTORELEASING = YES;
				CLANG_WARN_BOOL_CONVERSION = YES;
				CLANG_WARN_COMMA = YES;
				CLANG_WARN_CONSTANT_CONVERSION = YES;
				CLANG_WARN_DEPRECATED_OBJC_IMPLEMENTATIONS = YES;
				CLANG_WARN_DIRECT_OBJC_ISA_USAGE = YES_ERROR;
				CLANG_WARN_DOCUMENTATION_COMMENTS = YES;
				CLANG_WARN_EMPTY_BODY = YES;
				CLANG_WARN_ENUM_CONVERSION = YES;
				CLANG_WARN_INFINITE_RECURSION = YES;
				CLANG_WARN_INT_CONVERSION = YES;
				CLANG_WARN_NON_LITERAL_NULL_CONVERSION = YES;
				CLANG_WARN_OBJC_IMPLICIT_RETAIN_SELF = YES;
				CLANG_WARN_OBJC_LITERAL_CONVERSION = YES;
				CLANG_WARN_OBJC_ROOT_CLASS = YES_ERROR;
				CLANG_WARN_QUOTED_INCLUDE_IN_FRAMEWORK_HEADER = YES;
				CLANG_WARN_RANGE_LOOP_ANALYSIS = YES;
				CLANG_WARN_STRICT_PROTOTYPES = YES;
				CLANG_WARN_SUSPICIOUS_MOVE = YES;
				CLANG_WARN_UNGUARDED_AVAILABILITY = YES_AGGRESSIVE;
				CLANG_WARN_UNREACHABLE_CODE = YES;
				CLANG_WARN__DUPLICATE_METHOD_MATCH = YES;
				COPY_PHASE_STRIP = NO;
				DEBUG_INFORMATION_FORMAT = dwarf;
				ENABLE_STRICT_OBJC_MSGSEND = YES;
				ENABLE_TESTABILITY = YES;
				GCC_C_LANGUAGE_STANDARD = gnu11;
				GCC_DYNAMIC_NO_PIC = NO;
				GCC_NO_COMMON_BLOCKS = YES;
				GCC_OPTIMIZATION_LEVEL = 0;
				GCC_PREPROCESSOR_DEFINITIONS = (
					"DEBUG=1",
					"$(inherited)",
				);
				GCC_WARN_64_TO_32_BIT_CONVERSION = YES;
				GCC_WARN_ABOUT_RETURN_TYPE = YES_ERROR;
				GCC_WARN_UNDECLARED_SELECTOR = YES;
				GCC_WARN_UNINITIALIZED_AUTOS = YES_AGGRESSIVE;
				GCC_WARN_UNUSED_FUNCTION = YES;
				GCC_WARN_UNUSED_VARIABLE = YES;
				MTL_ENABLE_DEBUG_INFO = INCLUDE_SOURCE;
				MTL_FAST_MATH = YES;
				ONLY_ACTIVE_ARCH = YES;
				SWIFT_ACTIVE_COMPILATION_CONDITIONS = DEBUG;
				SWIFT_OPTIMIZATION_LEVEL = "-Onone";
			};
			name = Debug;
		};
		99100E4E2A2280EE00F36FEC /* Release */ = {
			isa = XCBuildConfiguration;
			buildSettings = {
				ALWAYS_SEARCH_USER_PATHS = NO;
				CLANG_ANALYZER_NONNULL = YES;
				CLANG_ANALYZER_NUMBER_OBJECT_CONVERSION = YES_AGGRESSIVE;
				CLANG_CXX_LANGUAGE_STANDARD = "gnu++20";
				CLANG_ENABLE_MODULES = YES;
				CLANG_ENABLE_OBJC_ARC = YES;
				CLANG_ENABLE_OBJC_WEAK = YES;
				CLANG_WARN_BLOCK_CAPTURE_AUTORELEASING = YES;
				CLANG_WARN_BOOL_CONVERSION = YES;
				CLANG_WARN_COMMA = YES;
				CLANG_WARN_CONSTANT_CONVERSION = YES;
				CLANG_WARN_DEPRECATED_OBJC_IMPLEMENTATIONS = YES;
				CLANG_WARN_DIRECT_OBJC_ISA_USAGE = YES_ERROR;
				CLANG_WARN_DOCUMENTATION_COMMENTS = YES;
				CLANG_WARN_EMPTY_BODY = YES;
				CLANG_WARN_ENUM_CONVERSION = YES;
				CLANG_WARN_INFINITE_RECURSION = YES;
				CLANG_WARN_INT_CONVERSION = YES;
				CLANG_WARN_NON_LITERAL_NULL_CONVERSION = YES;
				CLANG_WARN_OBJC_IMPLICIT_RETAIN_SELF = YES;
				CLANG_WARN_OBJC_LITERAL_CONVERSION = YES;
				CLANG_WARN_OBJC_ROOT_CLASS = YES_ERROR;
				CLANG_WARN_QUOTED_INCLUDE_IN_FRAMEWORK_HEADER = YES;
				CLANG_WARN_RANGE_LOOP_ANALYSIS = YES;
				CLANG_WARN_STRICT_PROTOTYPES = YES;
				CLANG_WARN_SUSPICIOUS_MOVE = YES;
				CLANG_WARN_UNGUARDED_AVAILABILITY = YES_AGGRESSIVE;
				CLANG_WARN_UNREACHABLE_CODE = YES;
				CLANG_WARN__DUPLICATE_METHOD_MATCH = YES;
				COPY_PHASE_STRIP = NO;
				DEBUG_INFORMATION_FORMAT = "dwarf-with-dsym";
				ENABLE_NS_ASSERTIONS = NO;
				ENABLE_STRICT_OBJC_MSGSEND = YES;
				GCC_C_LANGUAGE_STANDARD = gnu11;
				GCC_NO_COMMON_BLOCKS = YES;
				GCC_WARN_64_TO_32_BIT_CONVERSION = YES;
				GCC_WARN_ABOUT_RETURN_TYPE = YES_ERROR;
				GCC_WARN_UNDECLARED_SELECTOR = YES;
				GCC_WARN_UNINITIALIZED_AUTOS = YES_AGGRESSIVE;
				GCC_WARN_UNUSED_FUNCTION = YES;
				GCC_WARN_UNUSED_VARIABLE = YES;
				MTL_ENABLE_DEBUG_INFO = NO;
				MTL_FAST_MATH = YES;
				SWIFT_COMPILATION_MODE = wholemodule;
				SWIFT_OPTIMIZATION_LEVEL = "-O";
			};
			name = Release;
		};
		99100E502A2280EE00F36FEC /* Debug */ = {
			isa = XCBuildConfiguration;
			buildSettings = {
				ASSETCATALOG_COMPILER_APPICON_NAME = AppIcon;
				ASSETCATALOG_COMPILER_GLOBAL_ACCENT_COLOR_NAME = AccentColor;
				CODE_SIGN_ENTITLEMENTS = iTheat/iTheat.entitlements;
				CODE_SIGN_STYLE = Automatic;
				CURRENT_PROJECT_VERSION = 1;
				DEVELOPMENT_ASSET_PATHS = "\"iTheat/Preview Content\"";
				DEVELOPMENT_TEAM = QH3T53K3KZ;
				ENABLE_HARDENED_RUNTIME = YES;
				ENABLE_PREVIEWS = YES;
				GENERATE_INFOPLIST_FILE = YES;
				"INFOPLIST_KEY_UIApplicationSceneManifest_Generation[sdk=iphoneos*]" = YES;
				"INFOPLIST_KEY_UIApplicationSceneManifest_Generation[sdk=iphonesimulator*]" = YES;
				"INFOPLIST_KEY_UIApplicationSupportsIndirectInputEvents[sdk=iphoneos*]" = YES;
				"INFOPLIST_KEY_UIApplicationSupportsIndirectInputEvents[sdk=iphonesimulator*]" = YES;
				"INFOPLIST_KEY_UILaunchScreen_Generation[sdk=iphoneos*]" = YES;
				"INFOPLIST_KEY_UILaunchScreen_Generation[sdk=iphonesimulator*]" = YES;
				"INFOPLIST_KEY_UIStatusBarStyle[sdk=iphoneos*]" = UIStatusBarStyleDefault;
				"INFOPLIST_KEY_UIStatusBarStyle[sdk=iphonesimulator*]" = UIStatusBarStyleDefault;
				INFOPLIST_KEY_UISupportedInterfaceOrientations_iPad = "UIInterfaceOrientationPortrait UIInterfaceOrientationPortraitUpsideDown UIInterfaceOrientationLandscapeLeft UIInterfaceOrientationLandscapeRight";
				INFOPLIST_KEY_UISupportedInterfaceOrientations_iPhone = "UIInterfaceOrientationPortrait UIInterfaceOrientationLandscapeLeft UIInterfaceOrientationLandscapeRight";
				IPHONEOS_DEPLOYMENT_TARGET = 16.4;
				LD_RUNPATH_SEARCH_PATHS = "@executable_path/Frameworks";
				"LD_RUNPATH_SEARCH_PATHS[sdk=macosx*]" = "@executable_path/../Frameworks";
				MACOSX_DEPLOYMENT_TARGET = 13.2;
				MARKETING_VERSION = 1.0;
				PRODUCT_BUNDLE_IDENTIFIER = com.raynex.iTheat;
				PRODUCT_NAME = "$(TARGET_NAME)";
				SDKROOT = auto;
				SUPPORTED_PLATFORMS = "iphoneos iphonesimulator macosx";
				SWIFT_EMIT_LOC_STRINGS = YES;
				SWIFT_VERSION = 5.0;
				TARGETED_DEVICE_FAMILY = "1,2";
			};
			name = Debug;
		};
		99100E512A2280EE00F36FEC /* Release */ = {
			isa = XCBuildConfiguration;
			buildSettings = {
				ASSETCATALOG_COMPILER_APPICON_NAME = AppIcon;
				ASSETCATALOG_COMPILER_GLOBAL_ACCENT_COLOR_NAME = AccentColor;
				CODE_SIGN_ENTITLEMENTS = iTheat/iTheat.entitlements;
				CODE_SIGN_STYLE = Automatic;
				CURRENT_PROJECT_VERSION = 1;
				DEVELOPMENT_ASSET_PATHS = "\"iTheat/Preview Content\"";
				DEVELOPMENT_TEAM = QH3T53K3KZ;
				ENABLE_HARDENED_RUNTIME = YES;
				ENABLE_PREVIEWS = YES;
				GENERATE_INFOPLIST_FILE = YES;
				"INFOPLIST_KEY_UIApplicationSceneManifest_Generation[sdk=iphoneos*]" = YES;
				"INFOPLIST_KEY_UIApplicationSceneManifest_Generation[sdk=iphonesimulator*]" = YES;
				"INFOPLIST_KEY_UIApplicationSupportsIndirectInputEvents[sdk=iphoneos*]" = YES;
				"INFOPLIST_KEY_UIApplicationSupportsIndirectInputEvents[sdk=iphonesimulator*]" = YES;
				"INFOPLIST_KEY_UILaunchScreen_Generation[sdk=iphoneos*]" = YES;
				"INFOPLIST_KEY_UILaunchScreen_Generation[sdk=iphonesimulator*]" = YES;
				"INFOPLIST_KEY_UIStatusBarStyle[sdk=iphoneos*]" = UIStatusBarStyleDefault;
				"INFOPLIST_KEY_UIStatusBarStyle[sdk=iphonesimulator*]" = UIStatusBarStyleDefault;
				INFOPLIST_KEY_UISupportedInterfaceOrientations_iPad = "UIInterfaceOrientationPortrait UIInterfaceOrientationPortraitUpsideDown UIInterfaceOrientationLandscapeLeft UIInterfaceOrientationLandscapeRight";
				INFOPLIST_KEY_UISupportedInterfaceOrientations_iPhone = "UIInterfaceOrientationPortrait UIInterfaceOrientationLandscapeLeft UIInterfaceOrientationLandscapeRight";
				IPHONEOS_DEPLOYMENT_TARGET = 16.4;
				LD_RUNPATH_SEARCH_PATHS = "@executable_path/Frameworks";
				"LD_RUNPATH_SEARCH_PATHS[sdk=macosx*]" = "@executable_path/../Frameworks";
				MACOSX_DEPLOYMENT_TARGET = 13.2;
				MARKETING_VERSION = 1.0;
				PRODUCT_BUNDLE_IDENTIFIER = com.raynex.iTheat;
				PRODUCT_NAME = "$(TARGET_NAME)";
				SDKROOT = auto;
				SUPPORTED_PLATFORMS = "iphoneos iphonesimulator macosx";
				SWIFT_EMIT_LOC_STRINGS = YES;
				SWIFT_VERSION = 5.0;
				TARGETED_DEVICE_FAMILY = "1,2";
			};
			name = Release;
		};
/* End XCBuildConfiguration section */

/* Begin XCConfigurationList section */
		99100E3B2A2280ED00F36FEC /* Build configuration list for PBXProject "iTheat" */ = {
			isa = XCConfigurationList;
			buildConfigurations = (
				99100E4D2A2280EE00F36FEC /* Debug */,
				99100E4E2A2280EE00F36FEC /* Release */,
			);
			defaultConfigurationIsVisible = 0;
			defaultConfigurationName = Release;
		};
		99100E4F2A2280EE00F36FEC /* Build configuration list for PBXNativeTarget "iTheat" */ = {
			isa = XCConfigurationList;
			buildConfigurations = (
				99100E502A2280EE00F36FEC /* Debug */,
				99100E512A2280EE00F36FEC /* Release */,
			);
			defaultConfigurationIsVisible = 0;
			defaultConfigurationName = Release;
		};
/* End XCConfigurationList section */

/* Begin XCRemoteSwiftPackageReference section */
		576702022A24A69B008A3F67 /* XCRemoteSwiftPackageReference "Alamofire" */ = {
			isa = XCRemoteSwiftPackageReference;
			repositoryURL = "https://github.com/Alamofire/Alamofire.git";
			requirement = {
				kind = upToNextMajorVersion;
				minimumVersion = 5.0.0;
			};
		};
/* End XCRemoteSwiftPackageReference section */

/* Begin XCSwiftPackageProductDependency section */
		576702032A24A69B008A3F67 /* Alamofire */ = {
			isa = XCSwiftPackageProductDependency;
			package = 576702022A24A69B008A3F67 /* XCRemoteSwiftPackageReference "Alamofire" */;
			productName = Alamofire;
		};
/* End XCSwiftPackageProductDependency section */
	};
	rootObject = 99100E382A2280ED00F36FEC /* Project object */;
}
